
Microsoft Visual Studio Solution File, Format Version 12.00
# Visual Studio Version 16
VisualStudioVersion = 16.0.32413.511
MinimumVisualStudioVersion = 10.0.40219.1
Project("{FAE04EC0-301F-11D3-BF4B-00C04F79EFBC}") = "GeradorSenhas", "GeradorSenhas\GeradorSenhas.csproj", "{AF55F7DA-10D6-48F0-8748-17001304B5B2}"
EndProject
Global
	GlobalSection(SolutionConfigurationPlatforms) = preSolution
		Debug|Any CPU = Debug|Any CPU
		Release|Any CPU = Release|Any CPU
	EndGlobalSection
	GlobalSection(ProjectConfigurationPlatforms) = postSolution
		{AF55F7DA-10D6-48F0-8748-17001304B5B2}.Debug|Any CPU.ActiveCfg = Debug|Any CPU
		{AF55F7DA-10D6-48F0-8748-17001304B5B2}.Debug|Any CPU.Build.0 = Debug|Any CPU
		{AF55F7DA-10D6-48F0-8748-17001304B5B2}.Release|Any CPU.ActiveCfg = Release|Any CPU
		{AF55F7DA-10D6-48F0-8748-17001304B5B2}.Release|Any CPU.Build.0 = Release|Any CPU
	EndGlobalSection
	GlobalSection(SolutionProperties) = preSolution
		HideSolutionNode = FALSE
	EndGlobalSection
	GlobalSection(ExtensibilityGlobals) = postSolution
		SolutionGuid = {3D581B96-655F-4A02-BF56-D2504058AC54}
	EndGlobalSection
EndGlobal
